- title: Tôi Đã Chuyển Sinh Thành Slime
  url: https://www.nettruyenus.com/truyen-tranh/toi-da-chuyen-sinh-thanh-slime-100620
  chap: 111
- title: Vì Sợ Đau Nên Em Tăng Max VIT
  url: https://www.nettruyenus.com/truyen-tranh/vi-so-dau-nen-em-tang-max-vit-193640
  chap: 33
- title: Nguyệt Đạo Dị Giới
  url: https://www.nettruyenus.com/truyen-tranh/tsuki-ga-michibiku-isekai-douchuu-107051
  chap: 87
- title: Sự Trỗi Dậy Của Anh Hùng Khiên
  url: https://www.nettruyenus.com/truyen-tranh/su-troi-day-cua-anh-hung-khien-42150
  chap: 100
- title: Mairimashita! Iruma-Kun
  url: https://www.nettruyenus.com/truyen-tranh/mairimashita-iruma-kun-159850
  chap: 320
- title: Tái Sinh Thành Nhện
  url: https://www.nettruyenus.com/truyen-tranh/tai-sinh-thanh-nhen-116580
  chap: 129
- title: Dạo Quanh Ma Quốc
  url: https://www.nettruyenus.com/truyen-tranh/dao-quanh-ma-quoc-161920
  chap: 48
- title: Tôi Là Nhện Đấy Thì Sao Nào?
  url: https://www.nettruyenus.com/truyen-tranh/toi-la-nhen-day-thi-sao-nao-cuoc-song-cua-4-chi-em-nhen-391770
  chap: 41
- title: Rồng Thần 5000 Năm Tuổi Ăn Chay
  url: https://www.nettruyenus.com/truyen-tranh/weak-5000-year-old-vegan-dragon-183010
  chap: 23
- title: Cuộc Sống Trả Ơn Của Nàng Rồng Tohru
  url: https://www.nettruyenus.com/truyen-tranh/cuoc-song-tra-on-cua-nang-rong-tohru-101240
  chap: 136
- title: Cô Nàng Siêu Gấu
  url: https://www.nettruyenus.com/truyen-tranh/kuma-kuma-kuma-bear-183720
  chap: 67
- title: Đảo Hải Tặc
  url: https://www.nettruyenus.com/truyen-tranh/dao-hai-tac-91690
  chap: 0
  ignore: true
- title: DR.Stone - Hồi Sinh Thế Giới
  url: https://www.nettruyenus.com/truyen-tranh/drstone-hoi-sinh-the-gioi-158523
  chap: 0
  ignore: true
- title: Ma Vương Xương
  url: https://www.nettruyenus.com/truyen-tranh/gaikotsu-kishi-sama-tadaima-isekai-e-o-dekake-ch-161440
  chap: 56
- title: Chuyển Sinh Thành Kiếm
  url: https://www.nettruyenus.com/truyen-tranh/chuyen-sinh-thanh-kiem-152770
  chap: 68
- title: Hiệu Thuốc Dị Giới
  url: https://www.nettruyenus.com/truyen-tranh/isekai-yakkyoku-153320
  chap: 44
- title: Tao Muốn Trở Thành Chúa Tể Bóng Tối
  url: https://www.nettruyenus.com/truyen-tranh/tao-muon-tro-thanh-chua-te-bong-toi-207081
  chap: 57
- title: Khám Phá Thế Giới Game
  url: https://www.nettruyenus.com/truyen-tranh/kham-pha-the-gioi-game-7010
  chap: 72
- title: Chuyện Tình Xóm Nội Trú
  url: https://truyenvnhay.com/chuyen-tinh-xom-noi-tru
  chap: 130
- title: Sống Chung Với Dì
  url: https://truyenvnhay.com/song-chung-voi-di
  chap: 66
- title: Tiếng Ồn Phòng Bên
  url: https://truyenvnhay.com/tieng-on-phong-ben
  chap: 58
- title: Bạn Của Con Gái
  url: https://truyenvnhay.com/ban-cua-con-gai
  chap: 104
- title: Chung Nhà Bạn Mẹ
  url: https://truyenvnhay.com/chung-nha-ban-me
  chap: 98
- title: Hai Chị Em Chủ Nhà
  url: https://truyenvnhay.com/hai-chi-em-chu-nha
  chap: 90
- title: Tuổi Đôi Mươi
  url: https://truyenvnhay.com/tuoi-doi-muoi
  chap: 60
- title: Tiểu Manh Bảo Bốn Tuổi Theo Sư Phụ Xuống Núi
  url: https://teamlanhlung.me/truyen-tranh/tieu-manh-bao-bon-tuoi-theo-su-phu-xuong-nui
  chap: 82
